
Microsoft Visual Studio Solution File, Format Version 12.00
# Visual Studio Version 16
VisualStudioVersion = 16.0.30330.147
MinimumVisualStudioVersion = 10.0.40219.1
Project("{FAE04EC0-301F-11D3-BF4B-00C04F79EFBC}") = "HMI_Lab3", "HMI_Lab3.csproj", "{EB55951C-A8B7-48D4-8BF6-1D7CF92A709A}"
EndProject
Global
	GlobalSection(SolutionConfigurationPlatforms) = preSolution
		Debug|Any CPU = Debug|Any CPU
		Release|Any CPU = Release|Any CPU
	EndGlobalSection
	GlobalSection(ProjectConfigurationPlatforms) = postSolution
		{EB55951C-A8B7-48D4-8BF6-1D7CF92A709A}.Debug|Any CPU.ActiveCfg = Debug|Any CPU
		{EB55951C-A8B7-48D4-8BF6-1D7CF92A709A}.Debug|Any CPU.Build.0 = Debug|Any CPU
		{EB55951C-A8B7-48D4-8BF6-1D7CF92A709A}.Release|Any CPU.ActiveCfg = Release|Any CPU
		{EB55951C-A8B7-48D4-8BF6-1D7CF92A709A}.Release|Any CPU.Build.0 = Release|Any CPU
	EndGlobalSection
	GlobalSection(SolutionProperties) = preSolution
		HideSolutionNode = FALSE
	EndGlobalSection
	GlobalSection(ExtensibilityGlobals) = postSolution
		SolutionGuid = {150B41AE-33BE-47B6-9049-E59D922329E3}
	EndGlobalSection
EndGlobal
